{
  "lockfile_version": "1",
  "packages": {
    "github:NixOS/nixpkgs/nixpkgs-unstable": {
      "last_modified": "2025-12-05T15:03:55Z",
      "resolved": "github:NixOS/nixpkgs/a672be65651c80d3f592a89b3945466584a22069?lastModified=1764947035"
    },
    "uv@latest": {
      "last_modified": "2025-12-03T03:51:48Z",
      "resolved": "github:NixOS/nixpkgs/cadcc8de247676e4751c9d4a935acb2c0b059113#uv",
      "source": "devbox-search",
      "version": "0.9.14",
      "systems": {
        "aarch64-darwin": {
          "outputs": [
            {
              "name": "out",
              "path": "/nix/store/zbg4ksfcdcmqbw8x0f0xlla16g2lhxgy-uv-0.9.14",
              "default": true
            }
          ],
          "store_path": "/nix/store/zbg4ksfcdcmqbw8x0f0xlla16g2lhxgy-uv-0.9.14"
        },
        "aarch64-linux": {
          "outputs": [
            {
              "name": "out",
              "path": "/nix/store/2k74mawzpjihb1jpyxlmbhaz7wflbhyb-uv-0.9.14",
              "default": true
            }
          ],
          "store_path": "/nix/store/2k74mawzpjihb1jpyxlmbhaz7wflbhyb-uv-0.9.14"
        },
        "x86_64-darwin": {
          "outputs": [
            {
              "name": "out",
              "path": "/nix/store/msq3vg45z01w0bl7q0k57yyczjh10hv8-uv-0.9.14",
              "default": true
            }
          ],
          "store_path": "/nix/store/msq3vg45z01w0bl7q0k57yyczjh10hv8-uv-0.9.14"
        },
        "x86_64-linux": {
          "outputs": [
            {
              "name": "out",
              "path": "/nix/store/483pf97g9l0l3rh0988ghffcppm4001a-uv-0.9.14",
              "default": true
            }
          ],
          "store_path": "/nix/store/483pf97g9l0l3rh0988ghffcppm4001a-uv-0.9.14"
        }
      }
    }
  }
}
